
Microsoft Visual Studio Solution File, Format Version 12.00
# Visual Studio Version 16
VisualStudioVersion = 16.0.30907.101
MinimumVisualStudioVersion = 10.0.40219.1
Project("{FAE04EC0-301F-11D3-BF4B-00C04F79EFBC}") = "Hahn.ApplicationProcess.December2020.Web", "Hahn.ApplicatonProcess.December2020.Web\Hahn.ApplicationProcess.December2020.Web.csproj", "{DFBB203F-A6BF-4BC7-96BB-8455EF9BAA31}"
EndProject
Project("{FAE04EC0-301F-11D3-BF4B-00C04F79EFBC}") = "Hahn.ApplicationProcess.December2020.Data", "Hahn.ApplicatonProcess.December2020.Data\Hahn.ApplicationProcess.December2020.Data.csproj", "{B1DAABB2-FC1F-4BED-B130-634B7936E05D}"
EndProject
Project("{FAE04EC0-301F-11D3-BF4B-00C04F79EFBC}") = "Hahn.ApplicationProcess.December2020.Domain", "Hahn.ApplicatonProcess.December2020.Domain\Hahn.ApplicationProcess.December2020.Domain.csproj", "{2F391964-5D42-4625-BBD6-2F2BE88AA184}"
EndProject
Global
	GlobalSection(SolutionConfigurationPlatforms) = preSolution
		Debug|Any CPU = Debug|Any CPU
		Release|Any CPU = Release|Any CPU
	EndGlobalSection
	GlobalSection(ProjectConfigurationPlatforms) = postSolution
		{DFBB203F-A6BF-4BC7-96BB-8455EF9BAA31}.Debug|Any CPU.ActiveCfg = Debug|Any CPU
		{DFBB203F-A6BF-4BC7-96BB-8455EF9BAA31}.Debug|Any CPU.Build.0 = Debug|Any CPU
		{DFBB203F-A6BF-4BC7-96BB-8455EF9BAA31}.Release|Any CPU.ActiveCfg = Release|Any CPU
		{DFBB203F-A6BF-4BC7-96BB-8455EF9BAA31}.Release|Any CPU.Build.0 = Release|Any CPU
		{B1DAABB2-FC1F-4BED-B130-634B7936E05D}.Debug|Any CPU.ActiveCfg = Debug|Any CPU
		{B1DAABB2-FC1F-4BED-B130-634B7936E05D}.Debug|Any CPU.Build.0 = Debug|Any CPU
		{B1DAABB2-FC1F-4BED-B130-634B7936E05D}.Release|Any CPU.ActiveCfg = Release|Any CPU
		{B1DAABB2-FC1F-4BED-B130-634B7936E05D}.Release|Any CPU.Build.0 = Release|Any CPU
		{2F391964-5D42-4625-BBD6-2F2BE88AA184}.Debug|Any CPU.ActiveCfg = Debug|Any CPU
		{2F391964-5D42-4625-BBD6-2F2BE88AA184}.Debug|Any CPU.Build.0 = Debug|Any CPU
		{2F391964-5D42-4625-BBD6-2F2BE88AA184}.Release|Any CPU.ActiveCfg = Release|Any CPU
		{2F391964-5D42-4625-BBD6-2F2BE88AA184}.Release|Any CPU.Build.0 = Release|Any CPU
	EndGlobalSection
	GlobalSection(SolutionProperties) = preSolution
		HideSolutionNode = FALSE
	EndGlobalSection
	GlobalSection(ExtensibilityGlobals) = postSolution
		SolutionGuid = {6F5D48A7-0184-4F8F-A020-478F363C05D6}
	EndGlobalSection
EndGlobal
